
Microsoft Visual Studio Solution File, Format Version 12.00
# Visual Studio Version 16
VisualStudioVersion = 16.0.33423.256
MinimumVisualStudioVersion = 10.0.40219.1
Project("{FAE04EC0-301F-11D3-BF4B-00C04F79EFBC}") = "ServicioTipoCambio", "ServicioTipoCambio\ServicioTipoCambio.csproj", "{A2D37F1E-1698-4A0B-913F-D8711FA091EB}"
EndProject
Project("{FAE04EC0-301F-11D3-BF4B-00C04F79EFBC}") = "CapaDatos", "CapaDatos\CapaDatos.csproj", "{D3F6A52D-5B75-4387-BAE3-F24839783A88}"
EndProject
Project("{FAE04EC0-301F-11D3-BF4B-00C04F79EFBC}") = "CapaEntidades", "CapaEntidades\CapaEntidades.csproj", "{882E940A-CBFE-4C1A-BAA0-42CD1EE52CC9}"
EndProject
Project("{FAE04EC0-301F-11D3-BF4B-00C04F79EFBC}") = "CapaNegocios", "CapaNegocios\CapaNegocios.csproj", "{57BA105F-7149-43EA-8A07-2E38DB435AFC}"
EndProject
Project("{FAE04EC0-301F-11D3-BF4B-00C04F79EFBC}") = "TXTBancos", "TXTBancos\TXTBancos.csproj", "{79F7FF63-E437-439C-94E2-AEC41FD79D6F}"
EndProject
Project("{FAE04EC0-301F-11D3-BF4B-00C04F79EFBC}") = "ServicioActualizarPagos", "ServicioActualizarPagos\ServicioActualizarPagos.csproj", "{86F1241B-632B-491C-8FB4-D64BA01CA2D3}"
EndProject
Project("{FAE04EC0-301F-11D3-BF4B-00C04F79EFBC}") = "ServicioCorreciones4.0_INACTIVO", "ServicioCorreciones4.0\ServicioCorreciones4.0_INACTIVO.csproj", "{71746204-0460-4C0E-A012-94233BAFCA6C}"
EndProject
Project("{FAE04EC0-301F-11D3-BF4B-00C04F79EFBC}") = "ServicioOC_INACTIVO", "ServicioOC\ServicioOC_INACTIVO.csproj", "{48EF6102-7D9A-4307-B518-399325E9D069}"
EndProject
Project("{FAE04EC0-301F-11D3-BF4B-00C04F79EFBC}") = "ServicioCerrarST", "ServicioCerrarST\ServicioCerrarST.csproj", "{6016BBD5-A943-473C-9090-C8FBEC08555B}"
EndProject
Project("{FAE04EC0-301F-11D3-BF4B-00C04F79EFBC}") = "ServicioNotificadorPagos", "ServicioNotificadorPagos\ServicioNotificadorPagos.csproj", "{0B9A1F95-9C84-4EF3-91A5-D934126BDCF7}"
EndProject
Project("{FAE04EC0-301F-11D3-BF4B-00C04F79EFBC}") = "ServicioActualizarDescripciones", "ServicioActualizarDescripciones\ServicioActualizarDescripciones.csproj", "{1CB45D34-F5CD-4BC1-92F0-BE5DFB775A57}"
EndProject
Project("{FAE04EC0-301F-11D3-BF4B-00C04F79EFBC}") = "ServicioRevisionOF_INACTIVO", "ServicioRevisionOF\ServicioRevisionOF_INACTIVO.csproj", "{FD9B4E82-CFC4-4160-AB97-CADD3B0A63A6}"
EndProject
Project("{FAE04EC0-301F-11D3-BF4B-00C04F79EFBC}") = "ServicioEquivalentesBOM_INACTIVO", "ServicioEquivalentesBOM\ServicioEquivalentesBOM_INACTIVO.csproj", "{9B47D74E-DB5D-4729-A9FF-F5BDFE704EDF}"
EndProject
Project("{FAE04EC0-301F-11D3-BF4B-00C04F79EFBC}") = "ServicioActualizarPreciosBOM_INACTIVO", "ServicioActualizarPreciosBOM\ServicioActualizarPreciosBOM_INACTIVO.csproj", "{DFDA8A78-69F1-4FEF-82A8-84D10FDA852C}"
EndProject
Project("{FAE04EC0-301F-11D3-BF4B-00C04F79EFBC}") = "S1-ServicioActualizarArticulosAlmacen", "ServicioActualizarArticulosAlmacen\S1-ServicioActualizarArticulosAlmacen.csproj", "{1338D47F-988F-40E2-81BD-A8167537D1FC}"
EndProject
Project("{FAE04EC0-301F-11D3-BF4B-00C04F79EFBC}") = "ServicioNotificadorPrecios_INACTIVO", "ServicioNotififcadorPrecios\ServicioNotificadorPrecios_INACTIVO.csproj", "{2F036ADF-6985-46FC-96C4-3275C7E79596}"
EndProject
Project("{FAE04EC0-301F-11D3-BF4B-00C04F79EFBC}") = "ServicioNotificadorPreciosOC_INACTIVO", "ServicioNotificadorPreciosOC\ServicioNotificadorPreciosOC_INACTIVO.csproj", "{4C7E2605-DB8C-40AD-B080-17AB4D0E3F00}"
EndProject
Project("{FAE04EC0-301F-11D3-BF4B-00C04F79EFBC}") = "ServicioNotificadorAvisos_INACTIVO", "ServicioNotificadorAvisos\ServicioNotificadorAvisos_INACTIVO.csproj", "{62C16747-B15A-4622-B851-959E5CFD9A61}"
EndProject
Project("{FAE04EC0-301F-11D3-BF4B-00C04F79EFBC}") = "TXTSantander", "TXTSantander\TXTSantander.csproj", "{01F2D254-175C-45F2-91F5-9F22F97FB2BB}"
EndProject
Project("{FAE04EC0-301F-11D3-BF4B-00C04F79EFBC}") = "ServicioCaducosPTKAM", "ServicioCaducosPTKAM\ServicioCaducosPTKAM.csproj", "{0CD40BE8-6FE9-4E86-863D-B55E06105159}"
EndProject
Project("{FAE04EC0-301F-11D3-BF4B-00C04F79EFBC}") = "ServicioCerrarSDC", "ServicioCerrarSDC\ServicioCerrarSDC.csproj", "{F1BFC583-2E1B-467E-A2C6-220816560678}"
EndProject
Project("{FAE04EC0-301F-11D3-BF4B-00C04F79EFBC}") = "ServicioCerrarOC", "ServicioCerrarOC\ServicioCerrarOC.csproj", "{7E3F6E79-A641-4DB9-AF68-9F858B3FE9B1}"
EndProject
Project("{FAE04EC0-301F-11D3-BF4B-00C04F79EFBC}") = "ServicioCerrarOV", "ServicioCerrarOV\ServicioCerrarOV.csproj", "{079231AF-1E86-4714-A185-25C986B7C892}"
EndProject
Project("{FAE04EC0-301F-11D3-BF4B-00C04F79EFBC}") = "ServicioCerrarOF", "ServicioCerrarOF\ServicioCerrarOF.csproj", "{6EDDEEF6-172C-4023-B574-9386E3C01293}"
EndProject
Project("{FAE04EC0-301F-11D3-BF4B-00C04F79EFBC}") = "ServicioCaducosMPST", "ServicioCaducosMPST\ServicioCaducosMPST.csproj", "{53A3474D-B130-4F9F-BCD8-19FC0048349A}"
EndProject
Project("{FAE04EC0-301F-11D3-BF4B-00C04F79EFBC}") = "ServicioCaducados", "ServicioCaducados\ServicioCaducados.csproj", "{F0056400-5E31-4142-BDF8-A9D185BFBA71}"
EndProject
Project("{FAE04EC0-301F-11D3-BF4B-00C04F79EFBC}") = "ServicioMPSTSinMovimiento", "ServicioMPSTSinMovimiento\ServicioMPSTSinMovimiento.csproj", "{5909EC22-3CC3-421B-BF97-95D50F560742}"
EndProject
Project("{FAE04EC0-301F-11D3-BF4B-00C04F79EFBC}") = "ServicioPTSinMovimiento_INACTIVO", "ServicioPTSinMovimiento\ServicioPTSinMovimiento_INACTIVO.csproj", "{959B9D15-6F53-467F-9531-A94F46C7A79E}"
EndProject
Project("{FAE04EC0-301F-11D3-BF4B-00C04F79EFBC}") = "ServicioAnticiposPendientes", "ServicioAnticiposPendientes\ServicioAnticiposPendientes.csproj", "{BF297E96-3BC2-41C2-B9A7-2B797AF0DC17}"
EndProject
Project("{FAE04EC0-301F-11D3-BF4B-00C04F79EFBC}") = "ServicioNotificadorLiberacionOC", "ServicioNotificadorLiberacionOC\ServicioNotificadorLiberacionOC.csproj", "{022BEA4C-8BBA-49A1-9695-5F3F18A53736}"
EndProject
Project("{FAE04EC0-301F-11D3-BF4B-00C04F79EFBC}") = "ServicioLiberacionOC", "ServicioLiberacionOC\ServicioLiberacionOC.csproj", "{8AC743AF-7E85-4AA2-B320-A2DDED752B28}"
EndProject
Project("{FAE04EC0-301F-11D3-BF4B-00C04F79EFBC}") = "ServicioOCIntercompania_INACTIVO", "ServicioOCIntercompania\ServicioOCIntercompania_INACTIVO.csproj", "{927253A9-B4F4-4C86-AAC5-ED9F3BAA3CE3}"
EndProject
Project("{FAE04EC0-301F-11D3-BF4B-00C04F79EFBC}") = "ServicioEntradaIntercompania_INACTIVO", "ServicioEntradaIntercompania\ServicioEntradaIntercompania_INACTIVO.csproj", "{471B049F-E7FF-4EBD-9316-2D2BB2F0DDC7}"
EndProject
Project("{FAE04EC0-301F-11D3-BF4B-00C04F79EFBC}") = "ServicioEntregasSinFactura", "ServicioEntregasSinFactura\ServicioEntregasSinFactura.csproj", "{A06F6131-8FE9-4520-84A7-D49F949D0569}"
EndProject
Project("{FAE04EC0-301F-11D3-BF4B-00C04F79EFBC}") = "ServicioReservaSinEntrega", "ServicioReservaSinEntrega\ServicioReservaSinEntrega.csproj", "{21D8AFDB-CE0A-470F-ACB5-A9D5CFE3795D}"
EndProject
Project("{FAE04EC0-301F-11D3-BF4B-00C04F79EFBC}") = "ServicioArticulosSinUbicacion_INACTIVO", "ServicioArticulosSinUbicacion\ServicioArticulosSinUbicacion_INACTIVO.csproj", "{5BA17A4B-2E8C-415C-ABE3-6CC0F0C853CC}"
EndProject
Project("{FAE04EC0-301F-11D3-BF4B-00C04F79EFBC}") = "ServicioOFSinCierre", "ServicioOFSinCierre\ServicioOFSinCierre.csproj", "{EB7935C1-EF77-4BB1-8921-F0B25935ED37}"
EndProject
Project("{FAE04EC0-301F-11D3-BF4B-00C04F79EFBC}") = "ServicioInventarioEstimado", "ServicioInventarioEstimado\ServicioInventarioEstimado.csproj", "{0D3BCC00-12C8-4BC7-AB8D-F28989DC015F}"
EndProject
Project("{FAE04EC0-301F-11D3-BF4B-00C04F79EFBC}") = "ServicioSinPreciosEntrega_INACTIVO", "ServicioSinPreciosEntrega\ServicioSinPreciosEntrega_INACTIVO.csproj", "{910DBF5B-9D90-4F03-8A23-0605884D4E71}"
EndProject
Project("{FAE04EC0-301F-11D3-BF4B-00C04F79EFBC}") = "ServicioAjustes_INACTIVO", "ServicioAjustes\ServicioAjustes_INACTIVO.csproj", "{F20876EE-5322-495F-A69B-3A2867AC68F1}"
EndProject
Project("{FAE04EC0-301F-11D3-BF4B-00C04F79EFBC}") = "ServicioEntradaInternacional", "ServicioEntradaInternacional\ServicioEntradaInternacional.csproj", "{BAA862C1-C6B6-4117-8611-5127417695B7}"
EndProject
Project("{FAE04EC0-301F-11D3-BF4B-00C04F79EFBC}") = "ServicioNotificadorAutorizacionAjustes_INACTIVO", "ServicioNotificadorAutorizacionAjustes\ServicioNotificadorAutorizacionAjustes_INACTIVO.csproj", "{6980A1D5-3792-4BF4-9A03-A82849D51C78}"
EndProject
Project("{FAE04EC0-301F-11D3-BF4B-00C04F79EFBC}") = "ServicioOFAutomatica", "ServicioOFAutomatica\ServicioOFAutomatica.csproj", "{B2AB0A1B-ED23-40AE-B377-B5BE879F05F5}"
EndProject
Project("{FAE04EC0-301F-11D3-BF4B-00C04F79EFBC}") = "ServicioPagosAplicados_INACTIVO", "ServicioPagosAplicados\ServicioPagosAplicados_INACTIVO.csproj", "{60AAF0BB-6809-49BC-8ADE-715A100345F8}"
EndProject
Project("{FAE04EC0-301F-11D3-BF4B-00C04F79EFBC}") = "ServicioCostosProduccion", "ServicioCostosProduccion\ServicioCostosProduccion.csproj", "{BDF1743B-A3A2-4003-9147-FFFFF5E2E5DA}"
EndProject
Project("{FAE04EC0-301F-11D3-BF4B-00C04F79EFBC}") = "WebNaturasol", "WebNaturasol\WebNaturasol.csproj", "{3BC2F982-EA96-4EDC-99AE-80A252F6A737}"
EndProject
Project("{FAE04EC0-301F-11D3-BF4B-00C04F79EFBC}") = "ServicioPrecioEntrega_PENDIENTE", "ServicioPrecioEntrega\ServicioPrecioEntrega_PENDIENTE.csproj", "{3C4424C5-24E6-4337-A654-DCF863BDF9EE}"
EndProject
Project("{FAE04EC0-301F-11D3-BF4B-00C04F79EFBC}") = "ServicioProveedores", "ServicioProveedores\ServicioProveedores.csproj", "{864DA125-223E-4DDC-86F0-D60A969BC753}"
EndProject
Project("{FAE04EC0-301F-11D3-BF4B-00C04F79EFBC}") = "ServicioConsumosOF", "ServicioConsumosOF\ServicioConsumosOF.csproj", "{0C713A79-9552-48C7-A327-247C404EA9CF}"
EndProject
Project("{FAE04EC0-301F-11D3-BF4B-00C04F79EFBC}") = "ServicioLiberacionMuestras_PENDIENTE", "ServicioLiberacionMuestras\ServicioLiberacionMuestras_PENDIENTE.csproj", "{80CF4F70-87D6-4814-A149-3A4B1252AAB5}"
EndProject
Project("{FAE04EC0-301F-11D3-BF4B-00C04F79EFBC}") = "ServicioCerrarBorrador", "ServicioCerrarBorrador\ServicioCerrarBorrador.csproj", "{4D8B384C-A9D2-4BC4-AEB7-440E5739BA0B}"
EndProject
Project("{FAE04EC0-301F-11D3-BF4B-00C04F79EFBC}") = "ServicioLecturaCalendario", "ServicioLecturaCalendario\ServicioLecturaCalendario.csproj", "{B19CC7E6-07D4-4021-A5C6-2C36DAFC8326}"
EndProject
Project("{FAE04EC0-301F-11D3-BF4B-00C04F79EFBC}") = "ServicioNotificadorSDC_INACTIVO", "ServicioNotificadorSDC\ServicioNotificadorSDC_INACTIVO.csproj", "{406478FA-A7FE-46E8-B03E-E1879C194218}"
EndProject
Project("{FAE04EC0-301F-11D3-BF4B-00C04F79EFBC}") = "ServicioOFMasiva", "ServicioOFMasiva\ServicioOFMasiva.csproj", "{5915E403-BD75-4513-A86D-990E83CBCD52}"
EndProject
Global
	GlobalSection(SolutionConfigurationPlatforms) = preSolution
		Debug|Any CPU = Debug|Any CPU
		Debug|x86 = Debug|x86
		Release|Any CPU = Release|Any CPU
		Release|x86 = Release|x86
	EndGlobalSection
	GlobalSection(ProjectConfigurationPlatforms) = postSolution
		{A2D37F1E-1698-4A0B-913F-D8711FA091EB}.Debug|Any CPU.ActiveCfg = Debug|Any CPU
		{A2D37F1E-1698-4A0B-913F-D8711FA091EB}.Debug|Any CPU.Build.0 = Debug|Any CPU
		{A2D37F1E-1698-4A0B-913F-D8711FA091EB}.Debug|x86.ActiveCfg = Debug|Any CPU
		{A2D37F1E-1698-4A0B-913F-D8711FA091EB}.Debug|x86.Build.0 = Debug|Any CPU
		{A2D37F1E-1698-4A0B-913F-D8711FA091EB}.Release|Any CPU.ActiveCfg = Release|Any CPU
		{A2D37F1E-1698-4A0B-913F-D8711FA091EB}.Release|Any CPU.Build.0 = Release|Any CPU
		{A2D37F1E-1698-4A0B-913F-D8711FA091EB}.Release|x86.ActiveCfg = Release|Any CPU
		{A2D37F1E-1698-4A0B-913F-D8711FA091EB}.Release|x86.Build.0 = Release|Any CPU
		{D3F6A52D-5B75-4387-BAE3-F24839783A88}.Debug|Any CPU.ActiveCfg = Debug|Any CPU
		{D3F6A52D-5B75-4387-BAE3-F24839783A88}.Debug|Any CPU.Build.0 = Debug|Any CPU
		{D3F6A52D-5B75-4387-BAE3-F24839783A88}.Debug|x86.ActiveCfg = Debug|Any CPU
		{D3F6A52D-5B75-4387-BAE3-F24839783A88}.Debug|x86.Build.0 = Debug|Any CPU
		{D3F6A52D-5B75-4387-BAE3-F24839783A88}.Release|Any CPU.ActiveCfg = Release|Any CPU
		{D3F6A52D-5B75-4387-BAE3-F24839783A88}.Release|Any CPU.Build.0 = Release|Any CPU
		{D3F6A52D-5B75-4387-BAE3-F24839783A88}.Release|x86.ActiveCfg = Release|Any CPU
		{D3F6A52D-5B75-4387-BAE3-F24839783A88}.Release|x86.Build.0 = Release|Any CPU
		{882E940A-CBFE-4C1A-BAA0-42CD1EE52CC9}.Debug|Any CPU.ActiveCfg = Debug|Any CPU
		{882E940A-CBFE-4C1A-BAA0-42CD1EE52CC9}.Debug|Any CPU.Build.0 = Debug|Any CPU
		{882E940A-CBFE-4C1A-BAA0-42CD1EE52CC9}.Debug|x86.ActiveCfg = Debug|Any CPU
		{882E940A-CBFE-4C1A-BAA0-42CD1EE52CC9}.Debug|x86.Build.0 = Debug|Any CPU
		{882E940A-CBFE-4C1A-BAA0-42CD1EE52CC9}.Release|Any CPU.ActiveCfg = Release|Any CPU
		{882E940A-CBFE-4C1A-BAA0-42CD1EE52CC9}.Release|Any CPU.Build.0 = Release|Any CPU
		{882E940A-CBFE-4C1A-BAA0-42CD1EE52CC9}.Release|x86.ActiveCfg = Release|Any CPU
		{882E940A-CBFE-4C1A-BAA0-42CD1EE52CC9}.Release|x86.Build.0 = Release|Any CPU
		{57BA105F-7149-43EA-8A07-2E38DB435AFC}.Debug|Any CPU.ActiveCfg = Debug|Any CPU
		{57BA105F-7149-43EA-8A07-2E38DB435AFC}.Debug|Any CPU.Build.0 = Debug|Any CPU
		{57BA105F-7149-43EA-8A07-2E38DB435AFC}.Debug|x86.ActiveCfg = Debug|Any CPU
		{57BA105F-7149-43EA-8A07-2E38DB435AFC}.Debug|x86.Build.0 = Debug|Any CPU
		{57BA105F-7149-43EA-8A07-2E38DB435AFC}.Release|Any CPU.ActiveCfg = Release|Any CPU
		{57BA105F-7149-43EA-8A07-2E38DB435AFC}.Release|Any CPU.Build.0 = Release|Any CPU
		{57BA105F-7149-43EA-8A07-2E38DB435AFC}.Release|x86.ActiveCfg = Release|Any CPU
		{57BA105F-7149-43EA-8A07-2E38DB435AFC}.Release|x86.Build.0 = Release|Any CPU
		{79F7FF63-E437-439C-94E2-AEC41FD79D6F}.Debug|Any CPU.ActiveCfg = Debug|Any CPU
		{79F7FF63-E437-439C-94E2-AEC41FD79D6F}.Debug|Any CPU.Build.0 = Debug|Any CPU
		{79F7FF63-E437-439C-94E2-AEC41FD79D6F}.Debug|x86.ActiveCfg = Debug|Any CPU
		{79F7FF63-E437-439C-94E2-AEC41FD79D6F}.Debug|x86.Build.0 = Debug|Any CPU
		{79F7FF63-E437-439C-94E2-AEC41FD79D6F}.Release|Any CPU.ActiveCfg = Release|Any CPU
		{79F7FF63-E437-439C-94E2-AEC41FD79D6F}.Release|Any CPU.Build.0 = Release|Any CPU
		{79F7FF63-E437-439C-94E2-AEC41FD79D6F}.Release|x86.ActiveCfg = Release|Any CPU
		{79F7FF63-E437-439C-94E2-AEC41FD79D6F}.Release|x86.Build.0 = Release|Any CPU
		{86F1241B-632B-491C-8FB4-D64BA01CA2D3}.Debug|Any CPU.ActiveCfg = Debug|Any CPU
		{86F1241B-632B-491C-8FB4-D64BA01CA2D3}.Debug|Any CPU.Build.0 = Debug|Any CPU
		{86F1241B-632B-491C-8FB4-D64BA01CA2D3}.Debug|x86.ActiveCfg = Debug|Any CPU
		{86F1241B-632B-491C-8FB4-D64BA01CA2D3}.Debug|x86.Build.0 = Debug|Any CPU
		{86F1241B-632B-491C-8FB4-D64BA01CA2D3}.Release|Any CPU.ActiveCfg = Release|Any CPU
		{86F1241B-632B-491C-8FB4-D64BA01CA2D3}.Release|Any CPU.Build.0 = Release|Any CPU
		{86F1241B-632B-491C-8FB4-D64BA01CA2D3}.Release|x86.ActiveCfg = Release|Any CPU
		{86F1241B-632B-491C-8FB4-D64BA01CA2D3}.Release|x86.Build.0 = Release|Any CPU
		{71746204-0460-4C0E-A012-94233BAFCA6C}.Debug|Any CPU.ActiveCfg = Debug|Any CPU
		{71746204-0460-4C0E-A012-94233BAFCA6C}.Debug|Any CPU.Build.0 = Debug|Any CPU
		{71746204-0460-4C0E-A012-94233BAFCA6C}.Debug|x86.ActiveCfg = Debug|Any CPU
		{71746204-0460-4C0E-A012-94233BAFCA6C}.Debug|x86.Build.0 = Debug|Any CPU
		{71746204-0460-4C0E-A012-94233BAFCA6C}.Release|Any CPU.ActiveCfg = Release|Any CPU
		{71746204-0460-4C0E-A012-94233BAFCA6C}.Release|Any CPU.Build.0 = Release|Any CPU
		{71746204-0460-4C0E-A012-94233BAFCA6C}.Release|x86.ActiveCfg = Release|Any CPU
		{71746204-0460-4C0E-A012-94233BAFCA6C}.Release|x86.Build.0 = Release|Any CPU
		{48EF6102-7D9A-4307-B518-399325E9D069}.Debug|Any CPU.ActiveCfg = Debug|Any CPU
		{48EF6102-7D9A-4307-B518-399325E9D069}.Debug|Any CPU.Build.0 = Debug|Any CPU
		{48EF6102-7D9A-4307-B518-399325E9D069}.Debug|x86.ActiveCfg = Debug|Any CPU
		{48EF6102-7D9A-4307-B518-399325E9D069}.Debug|x86.Build.0 = Debug|Any CPU
		{48EF6102-7D9A-4307-B518-399325E9D069}.Release|Any CPU.ActiveCfg = Release|Any CPU
		{48EF6102-7D9A-4307-B518-399325E9D069}.Release|Any CPU.Build.0 = Release|Any CPU
		{48EF6102-7D9A-4307-B518-399325E9D069}.Release|x86.ActiveCfg = Release|Any CPU
		{48EF6102-7D9A-4307-B518-399325E9D069}.Release|x86.Build.0 = Release|Any CPU
		{6016BBD5-A943-473C-9090-C8FBEC08555B}.Debug|Any CPU.ActiveCfg = Debug|Any CPU
		{6016BBD5-A943-473C-9090-C8FBEC08555B}.Debug|Any CPU.Build.0 = Debug|Any CPU
		{6016BBD5-A943-473C-9090-C8FBEC08555B}.Debug|x86.ActiveCfg = Debug|Any CPU
		{6016BBD5-A943-473C-9090-C8FBEC08555B}.Debug|x86.Build.0 = Debug|Any CPU
		{6016BBD5-A943-473C-9090-C8FBEC08555B}.Release|Any CPU.ActiveCfg = Release|Any CPU
		{6016BBD5-A943-473C-9090-C8FBEC08555B}.Release|Any CPU.Build.0 = Release|Any CPU
		{6016BBD5-A943-473C-9090-C8FBEC08555B}.Release|x86.ActiveCfg = Release|Any CPU
		{6016BBD5-A943-473C-9090-C8FBEC08555B}.Release|x86.Build.0 = Release|Any CPU
		{0B9A1F95-9C84-4EF3-91A5-D934126BDCF7}.Debug|Any CPU.ActiveCfg = Debug|Any CPU
		{0B9A1F95-9C84-4EF3-91A5-D934126BDCF7}.Debug|Any CPU.Build.0 = Debug|Any CPU
		{0B9A1F95-9C84-4EF3-91A5-D934126BDCF7}.Debug|x86.ActiveCfg = Debug|Any CPU
		{0B9A1F95-9C84-4EF3-91A5-D934126BDCF7}.Debug|x86.Build.0 = Debug|Any CPU
		{0B9A1F95-9C84-4EF3-91A5-D934126BDCF7}.Release|Any CPU.ActiveCfg = Release|Any CPU
		{0B9A1F95-9C84-4EF3-91A5-D934126BDCF7}.Release|Any CPU.Build.0 = Release|Any CPU
		{0B9A1F95-9C84-4EF3-91A5-D934126BDCF7}.Release|x86.ActiveCfg = Release|Any CPU
		{0B9A1F95-9C84-4EF3-91A5-D934126BDCF7}.Release|x86.Build.0 = Release|Any CPU
		{1CB45D34-F5CD-4BC1-92F0-BE5DFB775A57}.Debug|Any CPU.ActiveCfg = Debug|Any CPU
		{1CB45D34-F5CD-4BC1-92F0-BE5DFB775A57}.Debug|Any CPU.Build.0 = Debug|Any CPU
		{1CB45D34-F5CD-4BC1-92F0-BE5DFB775A57}.Debug|x86.ActiveCfg = Debug|Any CPU
		{1CB45D34-F5CD-4BC1-92F0-BE5DFB775A57}.Debug|x86.Build.0 = Debug|Any CPU
		{1CB45D34-F5CD-4BC1-92F0-BE5DFB775A57}.Release|Any CPU.ActiveCfg = Release|Any CPU
		{1CB45D34-F5CD-4BC1-92F0-BE5DFB775A57}.Release|Any CPU.Build.0 = Release|Any CPU
		{1CB45D34-F5CD-4BC1-92F0-BE5DFB775A57}.Release|x86.ActiveCfg = Release|Any CPU
		{1CB45D34-F5CD-4BC1-92F0-BE5DFB775A57}.Release|x86.Build.0 = Release|Any CPU
		{FD9B4E82-CFC4-4160-AB97-CADD3B0A63A6}.Debug|Any CPU.ActiveCfg = Debug|Any CPU
		{FD9B4E82-CFC4-4160-AB97-CADD3B0A63A6}.Debug|Any CPU.Build.0 = Debug|Any CPU
		{FD9B4E82-CFC4-4160-AB97-CADD3B0A63A6}.Debug|x86.ActiveCfg = Debug|Any CPU
		{FD9B4E82-CFC4-4160-AB97-CADD3B0A63A6}.Debug|x86.Build.0 = Debug|Any CPU
		{FD9B4E82-CFC4-4160-AB97-CADD3B0A63A6}.Release|Any CPU.ActiveCfg = Release|Any CPU
		{FD9B4E82-CFC4-4160-AB97-CADD3B0A63A6}.Release|Any CPU.Build.0 = Release|Any CPU
		{FD9B4E82-CFC4-4160-AB97-CADD3B0A63A6}.Release|x86.ActiveCfg = Release|Any CPU
		{FD9B4E82-CFC4-4160-AB97-CADD3B0A63A6}.Release|x86.Build.0 = Release|Any CPU
		{9B47D74E-DB5D-4729-A9FF-F5BDFE704EDF}.Debug|Any CPU.ActiveCfg = Debug|Any CPU
		{9B47D74E-DB5D-4729-A9FF-F5BDFE704EDF}.Debug|Any CPU.Build.0 = Debug|Any CPU
		{9B47D74E-DB5D-4729-A9FF-F5BDFE704EDF}.Debug|x86.ActiveCfg = Debug|Any CPU
		{9B47D74E-DB5D-4729-A9FF-F5BDFE704EDF}.Debug|x86.Build.0 = Debug|Any CPU
		{9B47D74E-DB5D-4729-A9FF-F5BDFE704EDF}.Release|Any CPU.ActiveCfg = Release|Any CPU
		{9B47D74E-DB5D-4729-A9FF-F5BDFE704EDF}.Release|Any CPU.Build.0 = Release|Any CPU
		{9B47D74E-DB5D-4729-A9FF-F5BDFE704EDF}.Release|x86.ActiveCfg = Release|Any CPU
		{9B47D74E-DB5D-4729-A9FF-F5BDFE704EDF}.Release|x86.Build.0 = Release|Any CPU
		{DFDA8A78-69F1-4FEF-82A8-84D10FDA852C}.Debug|Any CPU.ActiveCfg = Debug|Any CPU
		{DFDA8A78-69F1-4FEF-82A8-84D10FDA852C}.Debug|Any CPU.Build.0 = Debug|Any CPU
		{DFDA8A78-69F1-4FEF-82A8-84D10FDA852C}.Debug|x86.ActiveCfg = Debug|Any CPU
		{DFDA8A78-69F1-4FEF-82A8-84D10FDA852C}.Debug|x86.Build.0 = Debug|Any CPU
		{DFDA8A78-69F1-4FEF-82A8-84D10FDA852C}.Release|Any CPU.ActiveCfg = Release|Any CPU
		{DFDA8A78-69F1-4FEF-82A8-84D10FDA852C}.Release|Any CPU.Build.0 = Release|Any CPU
		{DFDA8A78-69F1-4FEF-82A8-84D10FDA852C}.Release|x86.ActiveCfg = Release|Any CPU
		{DFDA8A78-69F1-4FEF-82A8-84D10FDA852C}.Release|x86.Build.0 = Release|Any CPU
		{1338D47F-988F-40E2-81BD-A8167537D1FC}.Debug|Any CPU.ActiveCfg = Debug|Any CPU
		{1338D47F-988F-40E2-81BD-A8167537D1FC}.Debug|Any CPU.Build.0 = Debug|Any CPU
		{1338D47F-988F-40E2-81BD-A8167537D1FC}.Debug|x86.ActiveCfg = Debug|Any CPU
		{1338D47F-988F-40E2-81BD-A8167537D1FC}.Debug|x86.Build.0 = Debug|Any CPU
		{1338D47F-988F-40E2-81BD-A8167537D1FC}.Release|Any CPU.ActiveCfg = Release|Any CPU
		{1338D47F-988F-40E2-81BD-A8167537D1FC}.Release|Any CPU.Build.0 = Release|Any CPU
		{1338D47F-988F-40E2-81BD-A8167537D1FC}.Release|x86.ActiveCfg = Release|Any CPU
		{1338D47F-988F-40E2-81BD-A8167537D1FC}.Release|x86.Build.0 = Release|Any CPU
		{2F036ADF-6985-46FC-96C4-3275C7E79596}.Debug|Any CPU.ActiveCfg = Debug|Any CPU
		{2F036ADF-6985-46FC-96C4-3275C7E79596}.Debug|Any CPU.Build.0 = Debug|Any CPU
		{2F036ADF-6985-46FC-96C4-3275C7E79596}.Debug|x86.ActiveCfg = Debug|Any CPU
		{2F036ADF-6985-46FC-96C4-3275C7E79596}.Debug|x86.Build.0 = Debug|Any CPU
		{2F036ADF-6985-46FC-96C4-3275C7E79596}.Release|Any CPU.ActiveCfg = Release|Any CPU
		{2F036ADF-6985-46FC-96C4-3275C7E79596}.Release|Any CPU.Build.0 = Release|Any CPU
		{2F036ADF-6985-46FC-96C4-3275C7E79596}.Release|x86.ActiveCfg = Release|Any CPU
		{2F036ADF-6985-46FC-96C4-3275C7E79596}.Release|x86.Build.0 = Release|Any CPU
		{4C7E2605-DB8C-40AD-B080-17AB4D0E3F00}.Debug|Any CPU.ActiveCfg = Debug|Any CPU
		{4C7E2605-DB8C-40AD-B080-17AB4D0E3F00}.Debug|Any CPU.Build.0 = Debug|Any CPU
		{4C7E2605-DB8C-40AD-B080-17AB4D0E3F00}.Debug|x86.ActiveCfg = Debug|Any CPU
		{4C7E2605-DB8C-40AD-B080-17AB4D0E3F00}.Debug|x86.Build.0 = Debug|Any CPU
		{4C7E2605-DB8C-40AD-B080-17AB4D0E3F00}.Release|Any CPU.ActiveCfg = Release|Any CPU
		{4C7E2605-DB8C-40AD-B080-17AB4D0E3F00}.Release|Any CPU.Build.0 = Release|Any CPU
		{4C7E2605-DB8C-40AD-B080-17AB4D0E3F00}.Release|x86.ActiveCfg = Release|Any CPU
		{4C7E2605-DB8C-40AD-B080-17AB4D0E3F00}.Release|x86.Build.0 = Release|Any CPU
		{62C16747-B15A-4622-B851-959E5CFD9A61}.Debug|Any CPU.ActiveCfg = Debug|Any CPU
		{62C16747-B15A-4622-B851-959E5CFD9A61}.Debug|Any CPU.Build.0 = Debug|Any CPU
		{62C16747-B15A-4622-B851-959E5CFD9A61}.Debug|x86.ActiveCfg = Debug|Any CPU
		{62C16747-B15A-4622-B851-959E5CFD9A61}.Debug|x86.Build.0 = Debug|Any CPU
		{62C16747-B15A-4622-B851-959E5CFD9A61}.Release|Any CPU.ActiveCfg = Release|Any CPU
		{62C16747-B15A-4622-B851-959E5CFD9A61}.Release|Any CPU.Build.0 = Release|Any CPU
		{62C16747-B15A-4622-B851-959E5CFD9A61}.Release|x86.ActiveCfg = Release|Any CPU
		{62C16747-B15A-4622-B851-959E5CFD9A61}.Release|x86.Build.0 = Release|Any CPU
		{01F2D254-175C-45F2-91F5-9F22F97FB2BB}.Debug|Any CPU.ActiveCfg = Debug|Any CPU
		{01F2D254-175C-45F2-91F5-9F22F97FB2BB}.Debug|Any CPU.Build.0 = Debug|Any CPU
		{01F2D254-175C-45F2-91F5-9F22F97FB2BB}.Debug|x86.ActiveCfg = Debug|Any CPU
		{01F2D254-175C-45F2-91F5-9F22F97FB2BB}.Debug|x86.Build.0 = Debug|Any CPU
		{01F2D254-175C-45F2-91F5-9F22F97FB2BB}.Release|Any CPU.ActiveCfg = Release|Any CPU
		{01F2D254-175C-45F2-91F5-9F22F97FB2BB}.Release|Any CPU.Build.0 = Release|Any CPU
		{01F2D254-175C-45F2-91F5-9F22F97FB2BB}.Release|x86.ActiveCfg = Release|Any CPU
		{01F2D254-175C-45F2-91F5-9F22F97FB2BB}.Release|x86.Build.0 = Release|Any CPU
		{0CD40BE8-6FE9-4E86-863D-B55E06105159}.Debug|Any CPU.ActiveCfg = Debug|Any CPU
		{0CD40BE8-6FE9-4E86-863D-B55E06105159}.Debug|Any CPU.Build.0 = Debug|Any CPU
		{0CD40BE8-6FE9-4E86-863D-B55E06105159}.Debug|x86.ActiveCfg = Debug|Any CPU
		{0CD40BE8-6FE9-4E86-863D-B55E06105159}.Debug|x86.Build.0 = Debug|Any CPU
		{0CD40BE8-6FE9-4E86-863D-B55E06105159}.Release|Any CPU.ActiveCfg = Release|Any CPU
		{0CD40BE8-6FE9-4E86-863D-B55E06105159}.Release|Any CPU.Build.0 = Release|Any CPU
		{0CD40BE8-6FE9-4E86-863D-B55E06105159}.Release|x86.ActiveCfg = Release|Any CPU
		{0CD40BE8-6FE9-4E86-863D-B55E06105159}.Release|x86.Build.0 = Release|Any CPU
		{F1BFC583-2E1B-467E-A2C6-220816560678}.Debug|Any CPU.ActiveCfg = Debug|Any CPU
		{F1BFC583-2E1B-467E-A2C6-220816560678}.Debug|Any CPU.Build.0 = Debug|Any CPU
		{F1BFC583-2E1B-467E-A2C6-220816560678}.Debug|x86.ActiveCfg = Debug|Any CPU
		{F1BFC583-2E1B-467E-A2C6-220816560678}.Debug|x86.Build.0 = Debug|Any CPU
		{F1BFC583-2E1B-467E-A2C6-220816560678}.Release|Any CPU.ActiveCfg = Release|Any CPU
		{F1BFC583-2E1B-467E-A2C6-220816560678}.Release|Any CPU.Build.0 = Release|Any CPU
		{F1BFC583-2E1B-467E-A2C6-220816560678}.Release|x86.ActiveCfg = Release|Any CPU
		{F1BFC583-2E1B-467E-A2C6-220816560678}.Release|x86.Build.0 = Release|Any CPU
		{7E3F6E79-A641-4DB9-AF68-9F858B3FE9B1}.Debug|Any CPU.ActiveCfg = Debug|Any CPU
		{7E3F6E79-A641-4DB9-AF68-9F858B3FE9B1}.Debug|Any CPU.Build.0 = Debug|Any CPU
		{7E3F6E79-A641-4DB9-AF68-9F858B3FE9B1}.Debug|x86.ActiveCfg = Debug|Any CPU
		{7E3F6E79-A641-4DB9-AF68-9F858B3FE9B1}.Debug|x86.Build.0 = Debug|Any CPU
		{7E3F6E79-A641-4DB9-AF68-9F858B3FE9B1}.Release|Any CPU.ActiveCfg = Release|Any CPU
		{7E3F6E79-A641-4DB9-AF68-9F858B3FE9B1}.Release|Any CPU.Build.0 = Release|Any CPU
		{7E3F6E79-A641-4DB9-AF68-9F858B3FE9B1}.Release|x86.ActiveCfg = Release|Any CPU
		{7E3F6E79-A641-4DB9-AF68-9F858B3FE9B1}.Release|x86.Build.0 = Release|Any CPU
		{079231AF-1E86-4714-A185-25C986B7C892}.Debug|Any CPU.ActiveCfg = Debug|Any CPU
		{079231AF-1E86-4714-A185-25C986B7C892}.Debug|Any CPU.Build.0 = Debug|Any CPU
		{079231AF-1E86-4714-A185-25C986B7C892}.Debug|x86.ActiveCfg = Debug|Any CPU
		{079231AF-1E86-4714-A185-25C986B7C892}.Debug|x86.Build.0 = Debug|Any CPU
		{079231AF-1E86-4714-A185-25C986B7C892}.Release|Any CPU.ActiveCfg = Release|Any CPU
		{079231AF-1E86-4714-A185-25C986B7C892}.Release|Any CPU.Build.0 = Release|Any CPU
		{079231AF-1E86-4714-A185-25C986B7C892}.Release|x86.ActiveCfg = Release|Any CPU
		{079231AF-1E86-4714-A185-25C986B7C892}.Release|x86.Build.0 = Release|Any CPU
		{6EDDEEF6-172C-4023-B574-9386E3C01293}.Debug|Any CPU.ActiveCfg = Debug|Any CPU
		{6EDDEEF6-172C-4023-B574-9386E3C01293}.Debug|Any CPU.Build.0 = Debug|Any CPU
		{6EDDEEF6-172C-4023-B574-9386E3C01293}.Debug|x86.ActiveCfg = Debug|Any CPU
		{6EDDEEF6-172C-4023-B574-9386E3C01293}.Debug|x86.Build.0 = Debug|Any CPU
		{6EDDEEF6-172C-4023-B574-9386E3C01293}.Release|Any CPU.ActiveCfg = Release|Any CPU
		{6EDDEEF6-172C-4023-B574-9386E3C01293}.Release|Any CPU.Build.0 = Release|Any CPU
		{6EDDEEF6-172C-4023-B574-9386E3C01293}.Release|x86.ActiveCfg = Release|Any CPU
		{6EDDEEF6-172C-4023-B574-9386E3C01293}.Release|x86.Build.0 = Release|Any CPU
		{53A3474D-B130-4F9F-BCD8-19FC0048349A}.Debug|Any CPU.ActiveCfg = Debug|Any CPU
		{53A3474D-B130-4F9F-BCD8-19FC0048349A}.Debug|Any CPU.Build.0 = Debug|Any CPU
		{53A3474D-B130-4F9F-BCD8-19FC0048349A}.Debug|x86.ActiveCfg = Debug|Any CPU
		{53A3474D-B130-4F9F-BCD8-19FC0048349A}.Debug|x86.Build.0 = Debug|Any CPU
		{53A3474D-B130-4F9F-BCD8-19FC0048349A}.Release|Any CPU.ActiveCfg = Release|Any CPU
		{53A3474D-B130-4F9F-BCD8-19FC0048349A}.Release|Any CPU.Build.0 = Release|Any CPU
		{53A3474D-B130-4F9F-BCD8-19FC0048349A}.Release|x86.ActiveCfg = Release|Any CPU
		{53A3474D-B130-4F9F-BCD8-19FC0048349A}.Release|x86.Build.0 = Release|Any CPU
		{F0056400-5E31-4142-BDF8-A9D185BFBA71}.Debug|Any CPU.ActiveCfg = Debug|Any CPU
		{F0056400-5E31-4142-BDF8-A9D185BFBA71}.Debug|Any CPU.Build.0 = Debug|Any CPU
		{F0056400-5E31-4142-BDF8-A9D185BFBA71}.Debug|x86.ActiveCfg = Debug|Any CPU
		{F0056400-5E31-4142-BDF8-A9D185BFBA71}.Debug|x86.Build.0 = Debug|Any CPU
		{F0056400-5E31-4142-BDF8-A9D185BFBA71}.Release|Any CPU.ActiveCfg = Release|Any CPU
		{F0056400-5E31-4142-BDF8-A9D185BFBA71}.Release|Any CPU.Build.0 = Release|Any CPU
		{F0056400-5E31-4142-BDF8-A9D185BFBA71}.Release|x86.ActiveCfg = Release|Any CPU
		{F0056400-5E31-4142-BDF8-A9D185BFBA71}.Release|x86.Build.0 = Release|Any CPU
		{5909EC22-3CC3-421B-BF97-95D50F560742}.Debug|Any CPU.ActiveCfg = Debug|Any CPU
		{5909EC22-3CC3-421B-BF97-95D50F560742}.Debug|Any CPU.Build.0 = Debug|Any CPU
		{5909EC22-3CC3-421B-BF97-95D50F560742}.Debug|x86.ActiveCfg = Debug|Any CPU
		{5909EC22-3CC3-421B-BF97-95D50F560742}.Debug|x86.Build.0 = Debug|Any CPU
		{5909EC22-3CC3-421B-BF97-95D50F560742}.Release|Any CPU.ActiveCfg = Release|Any CPU
		{5909EC22-3CC3-421B-BF97-95D50F560742}.Release|Any CPU.Build.0 = Release|Any CPU
		{5909EC22-3CC3-421B-BF97-95D50F560742}.Release|x86.ActiveCfg = Release|Any CPU
		{5909EC22-3CC3-421B-BF97-95D50F560742}.Release|x86.Build.0 = Release|Any CPU
		{959B9D15-6F53-467F-9531-A94F46C7A79E}.Debug|Any CPU.ActiveCfg = Debug|Any CPU
		{959B9D15-6F53-467F-9531-A94F46C7A79E}.Debug|Any CPU.Build.0 = Debug|Any CPU
		{959B9D15-6F53-467F-9531-A94F46C7A79E}.Debug|x86.ActiveCfg = Debug|Any CPU
		{959B9D15-6F53-467F-9531-A94F46C7A79E}.Debug|x86.Build.0 = Debug|Any CPU
		{959B9D15-6F53-467F-9531-A94F46C7A79E}.Release|Any CPU.ActiveCfg = Release|Any CPU
		{959B9D15-6F53-467F-9531-A94F46C7A79E}.Release|Any CPU.Build.0 = Release|Any CPU
		{959B9D15-6F53-467F-9531-A94F46C7A79E}.Release|x86.ActiveCfg = Release|Any CPU
		{959B9D15-6F53-467F-9531-A94F46C7A79E}.Release|x86.Build.0 = Release|Any CPU
		{BF297E96-3BC2-41C2-B9A7-2B797AF0DC17}.Debug|Any CPU.ActiveCfg = Debug|Any CPU
		{BF297E96-3BC2-41C2-B9A7-2B797AF0DC17}.Debug|Any CPU.Build.0 = Debug|Any CPU
		{BF297E96-3BC2-41C2-B9A7-2B797AF0DC17}.Debug|x86.ActiveCfg = Debug|Any CPU
		{BF297E96-3BC2-41C2-B9A7-2B797AF0DC17}.Debug|x86.Build.0 = Debug|Any CPU
		{BF297E96-3BC2-41C2-B9A7-2B797AF0DC17}.Release|Any CPU.ActiveCfg = Release|Any CPU
		{BF297E96-3BC2-41C2-B9A7-2B797AF0DC17}.Release|Any CPU.Build.0 = Release|Any CPU
		{BF297E96-3BC2-41C2-B9A7-2B797AF0DC17}.Release|x86.ActiveCfg = Release|Any CPU
		{BF297E96-3BC2-41C2-B9A7-2B797AF0DC17}.Release|x86.Build.0 = Release|Any CPU
		{022BEA4C-8BBA-49A1-9695-5F3F18A53736}.Debug|Any CPU.ActiveCfg = Debug|Any CPU
		{022BEA4C-8BBA-49A1-9695-5F3F18A53736}.Debug|Any CPU.Build.0 = Debug|Any CPU
		{022BEA4C-8BBA-49A1-9695-5F3F18A53736}.Debug|x86.ActiveCfg = Debug|Any CPU
		{022BEA4C-8BBA-49A1-9695-5F3F18A53736}.Debug|x86.Build.0 = Debug|Any CPU
		{022BEA4C-8BBA-49A1-9695-5F3F18A53736}.Release|Any CPU.ActiveCfg = Release|Any CPU
		{022BEA4C-8BBA-49A1-9695-5F3F18A53736}.Release|Any CPU.Build.0 = Release|Any CPU
		{022BEA4C-8BBA-49A1-9695-5F3F18A53736}.Release|x86.ActiveCfg = Release|Any CPU
		{022BEA4C-8BBA-49A1-9695-5F3F18A53736}.Release|x86.Build.0 = Release|Any CPU
		{8AC743AF-7E85-4AA2-B320-A2DDED752B28}.Debug|Any CPU.ActiveCfg = Debug|Any CPU
		{8AC743AF-7E85-4AA2-B320-A2DDED752B28}.Debug|Any CPU.Build.0 = Debug|Any CPU
		{8AC743AF-7E85-4AA2-B320-A2DDED752B28}.Debug|x86.ActiveCfg = Debug|Any CPU
		{8AC743AF-7E85-4AA2-B320-A2DDED752B28}.Debug|x86.Build.0 = Debug|Any CPU
		{8AC743AF-7E85-4AA2-B320-A2DDED752B28}.Release|Any CPU.ActiveCfg = Release|Any CPU
		{8AC743AF-7E85-4AA2-B320-A2DDED752B28}.Release|Any CPU.Build.0 = Release|Any CPU
		{8AC743AF-7E85-4AA2-B320-A2DDED752B28}.Release|x86.ActiveCfg = Release|Any CPU
		{8AC743AF-7E85-4AA2-B320-A2DDED752B28}.Release|x86.Build.0 = Release|Any CPU
		{927253A9-B4F4-4C86-AAC5-ED9F3BAA3CE3}.Debug|Any CPU.ActiveCfg = Debug|Any CPU
		{927253A9-B4F4-4C86-AAC5-ED9F3BAA3CE3}.Debug|Any CPU.Build.0 = Debug|Any CPU
		{927253A9-B4F4-4C86-AAC5-ED9F3BAA3CE3}.Debug|x86.ActiveCfg = Debug|Any CPU
		{927253A9-B4F4-4C86-AAC5-ED9F3BAA3CE3}.Debug|x86.Build.0 = Debug|Any CPU
		{927253A9-B4F4-4C86-AAC5-ED9F3BAA3CE3}.Release|Any CPU.ActiveCfg = Release|Any CPU
		{927253A9-B4F4-4C86-AAC5-ED9F3BAA3CE3}.Release|Any CPU.Build.0 = Release|Any CPU
		{927253A9-B4F4-4C86-AAC5-ED9F3BAA3CE3}.Release|x86.ActiveCfg = Release|Any CPU
		{927253A9-B4F4-4C86-AAC5-ED9F3BAA3CE3}.Release|x86.Build.0 = Release|Any CPU
		{471B049F-E7FF-4EBD-9316-2D2BB2F0DDC7}.Debug|Any CPU.ActiveCfg = Debug|Any CPU
		{471B049F-E7FF-4EBD-9316-2D2BB2F0DDC7}.Debug|Any CPU.Build.0 = Debug|Any CPU
		{471B049F-E7FF-4EBD-9316-2D2BB2F0DDC7}.Debug|x86.ActiveCfg = Debug|Any CPU
		{471B049F-E7FF-4EBD-9316-2D2BB2F0DDC7}.Debug|x86.Build.0 = Debug|Any CPU
		{471B049F-E7FF-4EBD-9316-2D2BB2F0DDC7}.Release|Any CPU.ActiveCfg = Release|Any CPU
		{471B049F-E7FF-4EBD-9316-2D2BB2F0DDC7}.Release|Any CPU.Build.0 = Release|Any CPU
		{471B049F-E7FF-4EBD-9316-2D2BB2F0DDC7}.Release|x86.ActiveCfg = Release|Any CPU
		{471B049F-E7FF-4EBD-9316-2D2BB2F0DDC7}.Release|x86.Build.0 = Release|Any CPU
		{A06F6131-8FE9-4520-84A7-D49F949D0569}.Debug|Any CPU.ActiveCfg = Debug|Any CPU
		{A06F6131-8FE9-4520-84A7-D49F949D0569}.Debug|Any CPU.Build.0 = Debug|Any CPU
		{A06F6131-8FE9-4520-84A7-D49F949D0569}.Debug|x86.ActiveCfg = Debug|Any CPU
		{A06F6131-8FE9-4520-84A7-D49F949D0569}.Debug|x86.Build.0 = Debug|Any CPU
		{A06F6131-8FE9-4520-84A7-D49F949D0569}.Release|Any CPU.ActiveCfg = Release|Any CPU
		{A06F6131-8FE9-4520-84A7-D49F949D0569}.Release|Any CPU.Build.0 = Release|Any CPU
		{A06F6131-8FE9-4520-84A7-D49F949D0569}.Release|x86.ActiveCfg = Release|Any CPU
		{A06F6131-8FE9-4520-84A7-D49F949D0569}.Release|x86.Build.0 = Release|Any CPU
		{21D8AFDB-CE0A-470F-ACB5-A9D5CFE3795D}.Debug|Any CPU.ActiveCfg = Debug|Any CPU
		{21D8AFDB-CE0A-470F-ACB5-A9D5CFE3795D}.Debug|Any CPU.Build.0 = Debug|Any CPU
		{21D8AFDB-CE0A-470F-ACB5-A9D5CFE3795D}.Debug|x86.ActiveCfg = Debug|Any CPU
		{21D8AFDB-CE0A-470F-ACB5-A9D5CFE3795D}.Debug|x86.Build.0 = Debug|Any CPU
		{21D8AFDB-CE0A-470F-ACB5-A9D5CFE3795D}.Release|Any CPU.ActiveCfg = Release|Any CPU
		{21D8AFDB-CE0A-470F-ACB5-A9D5CFE3795D}.Release|Any CPU.Build.0 = Release|Any CPU
		{21D8AFDB-CE0A-470F-ACB5-A9D5CFE3795D}.Release|x86.ActiveCfg = Release|Any CPU
		{21D8AFDB-CE0A-470F-ACB5-A9D5CFE3795D}.Release|x86.Build.0 = Release|Any CPU
		{5BA17A4B-2E8C-415C-ABE3-6CC0F0C853CC}.Debug|Any CPU.ActiveCfg = Debug|Any CPU
		{5BA17A4B-2E8C-415C-ABE3-6CC0F0C853CC}.Debug|Any CPU.Build.0 = Debug|Any CPU
		{5BA17A4B-2E8C-415C-ABE3-6CC0F0C853CC}.Debug|x86.ActiveCfg = Debug|Any CPU
		{5BA17A4B-2E8C-415C-ABE3-6CC0F0C853CC}.Debug|x86.Build.0 = Debug|Any CPU
		{5BA17A4B-2E8C-415C-ABE3-6CC0F0C853CC}.Release|Any CPU.ActiveCfg = Release|Any CPU
		{5BA17A4B-2E8C-415C-ABE3-6CC0F0C853CC}.Release|Any CPU.Build.0 = Release|Any CPU
		{5BA17A4B-2E8C-415C-ABE3-6CC0F0C853CC}.Release|x86.ActiveCfg = Release|Any CPU
		{5BA17A4B-2E8C-415C-ABE3-6CC0F0C853CC}.Release|x86.Build.0 = Release|Any CPU
		{EB7935C1-EF77-4BB1-8921-F0B25935ED37}.Debug|Any CPU.ActiveCfg = Debug|Any CPU
		{EB7935C1-EF77-4BB1-8921-F0B25935ED37}.Debug|Any CPU.Build.0 = Debug|Any CPU
		{EB7935C1-EF77-4BB1-8921-F0B25935ED37}.Debug|x86.ActiveCfg = Debug|Any CPU
		{EB7935C1-EF77-4BB1-8921-F0B25935ED37}.Debug|x86.Build.0 = Debug|Any CPU
		{EB7935C1-EF77-4BB1-8921-F0B25935ED37}.Release|Any CPU.ActiveCfg = Release|Any CPU
		{EB7935C1-EF77-4BB1-8921-F0B25935ED37}.Release|Any CPU.Build.0 = Release|Any CPU
		{EB7935C1-EF77-4BB1-8921-F0B25935ED37}.Release|x86.ActiveCfg = Release|Any CPU
		{EB7935C1-EF77-4BB1-8921-F0B25935ED37}.Release|x86.Build.0 = Release|Any CPU
		{0D3BCC00-12C8-4BC7-AB8D-F28989DC015F}.Debug|Any CPU.ActiveCfg = Debug|Any CPU
		{0D3BCC00-12C8-4BC7-AB8D-F28989DC015F}.Debug|Any CPU.Build.0 = Debug|Any CPU
		{0D3BCC00-12C8-4BC7-AB8D-F28989DC015F}.Debug|x86.ActiveCfg = Debug|Any CPU
		{0D3BCC00-12C8-4BC7-AB8D-F28989DC015F}.Debug|x86.Build.0 = Debug|Any CPU
		{0D3BCC00-12C8-4BC7-AB8D-F28989DC015F}.Release|Any CPU.ActiveCfg = Release|Any CPU
		{0D3BCC00-12C8-4BC7-AB8D-F28989DC015F}.Release|Any CPU.Build.0 = Release|Any CPU
		{0D3BCC00-12C8-4BC7-AB8D-F28989DC015F}.Release|x86.ActiveCfg = Release|Any CPU
		{0D3BCC00-12C8-4BC7-AB8D-F28989DC015F}.Release|x86.Build.0 = Release|Any CPU
		{910DBF5B-9D90-4F03-8A23-0605884D4E71}.Debug|Any CPU.ActiveCfg = Debug|Any CPU
		{910DBF5B-9D90-4F03-8A23-0605884D4E71}.Debug|Any CPU.Build.0 = Debug|Any CPU
		{910DBF5B-9D90-4F03-8A23-0605884D4E71}.Debug|x86.ActiveCfg = Debug|Any CPU
		{910DBF5B-9D90-4F03-8A23-0605884D4E71}.Debug|x86.Build.0 = Debug|Any CPU
		{910DBF5B-9D90-4F03-8A23-0605884D4E71}.Release|Any CPU.ActiveCfg = Release|Any CPU
		{910DBF5B-9D90-4F03-8A23-0605884D4E71}.Release|Any CPU.Build.0 = Release|Any CPU
		{910DBF5B-9D90-4F03-8A23-0605884D4E71}.Release|x86.ActiveCfg = Release|Any CPU
		{910DBF5B-9D90-4F03-8A23-0605884D4E71}.Release|x86.Build.0 = Release|Any CPU
		{F20876EE-5322-495F-A69B-3A2867AC68F1}.Debug|Any CPU.ActiveCfg = Debug|Any CPU
		{F20876EE-5322-495F-A69B-3A2867AC68F1}.Debug|Any CPU.Build.0 = Debug|Any CPU
		{F20876EE-5322-495F-A69B-3A2867AC68F1}.Debug|x86.ActiveCfg = Debug|Any CPU
		{F20876EE-5322-495F-A69B-3A2867AC68F1}.Debug|x86.Build.0 = Debug|Any CPU
		{F20876EE-5322-495F-A69B-3A2867AC68F1}.Release|Any CPU.ActiveCfg = Release|Any CPU
		{F20876EE-5322-495F-A69B-3A2867AC68F1}.Release|Any CPU.Build.0 = Release|Any CPU
		{F20876EE-5322-495F-A69B-3A2867AC68F1}.Release|x86.ActiveCfg = Release|Any CPU
		{F20876EE-5322-495F-A69B-3A2867AC68F1}.Release|x86.Build.0 = Release|Any CPU
		{BAA862C1-C6B6-4117-8611-5127417695B7}.Debug|Any CPU.ActiveCfg = Debug|Any CPU
		{BAA862C1-C6B6-4117-8611-5127417695B7}.Debug|Any CPU.Build.0 = Debug|Any CPU
		{BAA862C1-C6B6-4117-8611-5127417695B7}.Debug|x86.ActiveCfg = Debug|Any CPU
		{BAA862C1-C6B6-4117-8611-5127417695B7}.Debug|x86.Build.0 = Debug|Any CPU
		{BAA862C1-C6B6-4117-8611-5127417695B7}.Release|Any CPU.ActiveCfg = Release|Any CPU
		{BAA862C1-C6B6-4117-8611-5127417695B7}.Release|Any CPU.Build.0 = Release|Any CPU
		{BAA862C1-C6B6-4117-8611-5127417695B7}.Release|x86.ActiveCfg = Release|Any CPU
		{BAA862C1-C6B6-4117-8611-5127417695B7}.Release|x86.Build.0 = Release|Any CPU
		{6980A1D5-3792-4BF4-9A03-A82849D51C78}.Debug|Any CPU.ActiveCfg = Debug|Any CPU
		{6980A1D5-3792-4BF4-9A03-A82849D51C78}.Debug|Any CPU.Build.0 = Debug|Any CPU
		{6980A1D5-3792-4BF4-9A03-A82849D51C78}.Debug|x86.ActiveCfg = Debug|Any CPU
		{6980A1D5-3792-4BF4-9A03-A82849D51C78}.Debug|x86.Build.0 = Debug|Any CPU
		{6980A1D5-3792-4BF4-9A03-A82849D51C78}.Release|Any CPU.ActiveCfg = Release|Any CPU
		{6980A1D5-3792-4BF4-9A03-A82849D51C78}.Release|Any CPU.Build.0 = Release|Any CPU
		{6980A1D5-3792-4BF4-9A03-A82849D51C78}.Release|x86.ActiveCfg = Release|Any CPU
		{6980A1D5-3792-4BF4-9A03-A82849D51C78}.Release|x86.Build.0 = Release|Any CPU
		{B2AB0A1B-ED23-40AE-B377-B5BE879F05F5}.Debug|Any CPU.ActiveCfg = Debug|Any CPU
		{B2AB0A1B-ED23-40AE-B377-B5BE879F05F5}.Debug|Any CPU.Build.0 = Debug|Any CPU
		{B2AB0A1B-ED23-40AE-B377-B5BE879F05F5}.Debug|x86.ActiveCfg = Debug|Any CPU
		{B2AB0A1B-ED23-40AE-B377-B5BE879F05F5}.Debug|x86.Build.0 = Debug|Any CPU
		{B2AB0A1B-ED23-40AE-B377-B5BE879F05F5}.Release|Any CPU.ActiveCfg = Release|Any CPU
		{B2AB0A1B-ED23-40AE-B377-B5BE879F05F5}.Release|Any CPU.Build.0 = Release|Any CPU
		{B2AB0A1B-ED23-40AE-B377-B5BE879F05F5}.Release|x86.ActiveCfg = Release|Any CPU
		{B2AB0A1B-ED23-40AE-B377-B5BE879F05F5}.Release|x86.Build.0 = Release|Any CPU
		{60AAF0BB-6809-49BC-8ADE-715A100345F8}.Debug|Any CPU.ActiveCfg = Debug|Any CPU
		{60AAF0BB-6809-49BC-8ADE-715A100345F8}.Debug|Any CPU.Build.0 = Debug|Any CPU
		{60AAF0BB-6809-49BC-8ADE-715A100345F8}.Debug|x86.ActiveCfg = Debug|Any CPU
		{60AAF0BB-6809-49BC-8ADE-715A100345F8}.Debug|x86.Build.0 = Debug|Any CPU
		{60AAF0BB-6809-49BC-8ADE-715A100345F8}.Release|Any CPU.ActiveCfg = Release|Any CPU
		{60AAF0BB-6809-49BC-8ADE-715A100345F8}.Release|Any CPU.Build.0 = Release|Any CPU
		{60AAF0BB-6809-49BC-8ADE-715A100345F8}.Release|x86.ActiveCfg = Release|Any CPU
		{60AAF0BB-6809-49BC-8ADE-715A100345F8}.Release|x86.Build.0 = Release|Any CPU
		{BDF1743B-A3A2-4003-9147-FFFFF5E2E5DA}.Debug|Any CPU.ActiveCfg = Debug|Any CPU
		{BDF1743B-A3A2-4003-9147-FFFFF5E2E5DA}.Debug|Any CPU.Build.0 = Debug|Any CPU
		{BDF1743B-A3A2-4003-9147-FFFFF5E2E5DA}.Debug|x86.ActiveCfg = Debug|Any CPU
		{BDF1743B-A3A2-4003-9147-FFFFF5E2E5DA}.Debug|x86.Build.0 = Debug|Any CPU
		{BDF1743B-A3A2-4003-9147-FFFFF5E2E5DA}.Release|Any CPU.ActiveCfg = Release|Any CPU
		{BDF1743B-A3A2-4003-9147-FFFFF5E2E5DA}.Release|Any CPU.Build.0 = Release|Any CPU
		{BDF1743B-A3A2-4003-9147-FFFFF5E2E5DA}.Release|x86.ActiveCfg = Release|Any CPU
		{BDF1743B-A3A2-4003-9147-FFFFF5E2E5DA}.Release|x86.Build.0 = Release|Any CPU
		{3BC2F982-EA96-4EDC-99AE-80A252F6A737}.Debug|Any CPU.ActiveCfg = Debug|Any CPU
		{3BC2F982-EA96-4EDC-99AE-80A252F6A737}.Debug|Any CPU.Build.0 = Debug|Any CPU
		{3BC2F982-EA96-4EDC-99AE-80A252F6A737}.Debug|x86.ActiveCfg = Debug|x86
		{3BC2F982-EA96-4EDC-99AE-80A252F6A737}.Debug|x86.Build.0 = Debug|x86
		{3BC2F982-EA96-4EDC-99AE-80A252F6A737}.Release|Any CPU.ActiveCfg = Release|Any CPU
		{3BC2F982-EA96-4EDC-99AE-80A252F6A737}.Release|Any CPU.Build.0 = Release|Any CPU
		{3BC2F982-EA96-4EDC-99AE-80A252F6A737}.Release|x86.ActiveCfg = Release|x86
		{3BC2F982-EA96-4EDC-99AE-80A252F6A737}.Release|x86.Build.0 = Release|x86
		{3C4424C5-24E6-4337-A654-DCF863BDF9EE}.Debug|Any CPU.ActiveCfg = Debug|Any CPU
		{3C4424C5-24E6-4337-A654-DCF863BDF9EE}.Debug|Any CPU.Build.0 = Debug|Any CPU
		{3C4424C5-24E6-4337-A654-DCF863BDF9EE}.Debug|x86.ActiveCfg = Debug|Any CPU
		{3C4424C5-24E6-4337-A654-DCF863BDF9EE}.Debug|x86.Build.0 = Debug|Any CPU
		{3C4424C5-24E6-4337-A654-DCF863BDF9EE}.Release|Any CPU.ActiveCfg = Release|Any CPU
		{3C4424C5-24E6-4337-A654-DCF863BDF9EE}.Release|Any CPU.Build.0 = Release|Any CPU
		{3C4424C5-24E6-4337-A654-DCF863BDF9EE}.Release|x86.ActiveCfg = Release|Any CPU
		{3C4424C5-24E6-4337-A654-DCF863BDF9EE}.Release|x86.Build.0 = Release|Any CPU
		{864DA125-223E-4DDC-86F0-D60A969BC753}.Debug|Any CPU.ActiveCfg = Debug|Any CPU
		{864DA125-223E-4DDC-86F0-D60A969BC753}.Debug|Any CPU.Build.0 = Debug|Any CPU
		{864DA125-223E-4DDC-86F0-D60A969BC753}.Debug|x86.ActiveCfg = Debug|Any CPU
		{864DA125-223E-4DDC-86F0-D60A969BC753}.Debug|x86.Build.0 = Debug|Any CPU
		{864DA125-223E-4DDC-86F0-D60A969BC753}.Release|Any CPU.ActiveCfg = Release|Any CPU
		{864DA125-223E-4DDC-86F0-D60A969BC753}.Release|Any CPU.Build.0 = Release|Any CPU
		{864DA125-223E-4DDC-86F0-D60A969BC753}.Release|x86.ActiveCfg = Release|Any CPU
		{864DA125-223E-4DDC-86F0-D60A969BC753}.Release|x86.Build.0 = Release|Any CPU
		{0C713A79-9552-48C7-A327-247C404EA9CF}.Debug|Any CPU.ActiveCfg = Debug|Any CPU
		{0C713A79-9552-48C7-A327-247C404EA9CF}.Debug|Any CPU.Build.0 = Debug|Any CPU
		{0C713A79-9552-48C7-A327-247C404EA9CF}.Debug|x86.ActiveCfg = Debug|Any CPU
		{0C713A79-9552-48C7-A327-247C404EA9CF}.Debug|x86.Build.0 = Debug|Any CPU
		{0C713A79-9552-48C7-A327-247C404EA9CF}.Release|Any CPU.ActiveCfg = Release|Any CPU
		{0C713A79-9552-48C7-A327-247C404EA9CF}.Release|Any CPU.Build.0 = Release|Any CPU
		{0C713A79-9552-48C7-A327-247C404EA9CF}.Release|x86.ActiveCfg = Release|Any CPU
		{0C713A79-9552-48C7-A327-247C404EA9CF}.Release|x86.Build.0 = Release|Any CPU
		{80CF4F70-87D6-4814-A149-3A4B1252AAB5}.Debug|Any CPU.ActiveCfg = Debug|Any CPU
		{80CF4F70-87D6-4814-A149-3A4B1252AAB5}.Debug|Any CPU.Build.0 = Debug|Any CPU
		{80CF4F70-87D6-4814-A149-3A4B1252AAB5}.Debug|x86.ActiveCfg = Debug|Any CPU
		{80CF4F70-87D6-4814-A149-3A4B1252AAB5}.Debug|x86.Build.0 = Debug|Any CPU
		{80CF4F70-87D6-4814-A149-3A4B1252AAB5}.Release|Any CPU.ActiveCfg = Release|Any CPU
		{80CF4F70-87D6-4814-A149-3A4B1252AAB5}.Release|Any CPU.Build.0 = Release|Any CPU
		{80CF4F70-87D6-4814-A149-3A4B1252AAB5}.Release|x86.ActiveCfg = Release|Any CPU
		{80CF4F70-87D6-4814-A149-3A4B1252AAB5}.Release|x86.Build.0 = Release|Any CPU
		{4D8B384C-A9D2-4BC4-AEB7-440E5739BA0B}.Debug|Any CPU.ActiveCfg = Debug|Any CPU
		{4D8B384C-A9D2-4BC4-AEB7-440E5739BA0B}.Debug|Any CPU.Build.0 = Debug|Any CPU
		{4D8B384C-A9D2-4BC4-AEB7-440E5739BA0B}.Debug|x86.ActiveCfg = Debug|Any CPU
		{4D8B384C-A9D2-4BC4-AEB7-440E5739BA0B}.Debug|x86.Build.0 = Debug|Any CPU
		{4D8B384C-A9D2-4BC4-AEB7-440E5739BA0B}.Release|Any CPU.ActiveCfg = Release|Any CPU
		{4D8B384C-A9D2-4BC4-AEB7-440E5739BA0B}.Release|Any CPU.Build.0 = Release|Any CPU
		{4D8B384C-A9D2-4BC4-AEB7-440E5739BA0B}.Release|x86.ActiveCfg = Release|Any CPU
		{4D8B384C-A9D2-4BC4-AEB7-440E5739BA0B}.Release|x86.Build.0 = Release|Any CPU
		{B19CC7E6-07D4-4021-A5C6-2C36DAFC8326}.Debug|Any CPU.ActiveCfg = Debug|Any CPU
		{B19CC7E6-07D4-4021-A5C6-2C36DAFC8326}.Debug|Any CPU.Build.0 = Debug|Any CPU
		{B19CC7E6-07D4-4021-A5C6-2C36DAFC8326}.Debug|x86.ActiveCfg = Debug|Any CPU
		{B19CC7E6-07D4-4021-A5C6-2C36DAFC8326}.Debug|x86.Build.0 = Debug|Any CPU
		{B19CC7E6-07D4-4021-A5C6-2C36DAFC8326}.Release|Any CPU.ActiveCfg = Release|Any CPU
		{B19CC7E6-07D4-4021-A5C6-2C36DAFC8326}.Release|Any CPU.Build.0 = Release|Any CPU
		{B19CC7E6-07D4-4021-A5C6-2C36DAFC8326}.Release|x86.ActiveCfg = Release|Any CPU
		{B19CC7E6-07D4-4021-A5C6-2C36DAFC8326}.Release|x86.Build.0 = Release|Any CPU
		{406478FA-A7FE-46E8-B03E-E1879C194218}.Debug|Any CPU.ActiveCfg = Debug|Any CPU
		{406478FA-A7FE-46E8-B03E-E1879C194218}.Debug|Any CPU.Build.0 = Debug|Any CPU
		{406478FA-A7FE-46E8-B03E-E1879C194218}.Debug|x86.ActiveCfg = Debug|Any CPU
		{406478FA-A7FE-46E8-B03E-E1879C194218}.Debug|x86.Build.0 = Debug|Any CPU
		{406478FA-A7FE-46E8-B03E-E1879C194218}.Release|Any CPU.ActiveCfg = Release|Any CPU
		{406478FA-A7FE-46E8-B03E-E1879C194218}.Release|Any CPU.Build.0 = Release|Any CPU
		{406478FA-A7FE-46E8-B03E-E1879C194218}.Release|x86.ActiveCfg = Release|Any CPU
		{406478FA-A7FE-46E8-B03E-E1879C194218}.Release|x86.Build.0 = Release|Any CPU
		{5915E403-BD75-4513-A86D-990E83CBCD52}.Debug|Any CPU.ActiveCfg = Debug|Any CPU
		{5915E403-BD75-4513-A86D-990E83CBCD52}.Debug|Any CPU.Build.0 = Debug|Any CPU
		{5915E403-BD75-4513-A86D-990E83CBCD52}.Debug|x86.ActiveCfg = Debug|Any CPU
		{5915E403-BD75-4513-A86D-990E83CBCD52}.Debug|x86.Build.0 = Debug|Any CPU
		{5915E403-BD75-4513-A86D-990E83CBCD52}.Release|Any CPU.ActiveCfg = Release|Any CPU
		{5915E403-BD75-4513-A86D-990E83CBCD52}.Release|Any CPU.Build.0 = Release|Any CPU
		{5915E403-BD75-4513-A86D-990E83CBCD52}.Release|x86.ActiveCfg = Release|Any CPU
		{5915E403-BD75-4513-A86D-990E83CBCD52}.Release|x86.Build.0 = Release|Any CPU
	EndGlobalSection
	GlobalSection(SolutionProperties) = preSolution
		HideSolutionNode = FALSE
	EndGlobalSection
	GlobalSection(ExtensibilityGlobals) = postSolution
		SolutionGuid = {D7A61516-CC83-42C6-8DF4-77A93290A1F0}
	EndGlobalSection
EndGlobal
